// !$*UTF8*$!
{
	archiveVersion = 1;
	classes = {
	};
	objectVersion = 55;
	objects = {

/* Begin PBXBuildFile section */
		261A1CCA2875652B00D1D6D0 /* Color+Extension.swift in Sources */ = {isa = PBXBuildFile; fileRef = 98F1CBFB2869858100B9737B /* Color+Extension.swift */; };
		261A1CCC2875654100D1D6D0 /* PersonalInfoEntity+CoreDataClass.swift in Sources */ = {isa = PBXBuildFile; fileRef = 98DE9BD02873049C00EFA265 /* PersonalInfoEntity+CoreDataClass.swift */; };
		265E4D00286F40A100FF83A6 /* MedicineInfo.swift in Sources */ = {isa = PBXBuildFile; fileRef = 265E4CFF286F40A100FF83A6 /* MedicineInfo.swift */; };
		265E4D0B287208A600FF83A6 /* WidgetKit.framework in Frameworks */ = {isa = PBXBuildFile; fileRef = 265E4D0A287208A600FF83A6 /* WidgetKit.framework */; };
		265E4D0D287208A600FF83A6 /* SwiftUI.framework in Frameworks */ = {isa = PBXBuildFile; fileRef = 265E4D0C287208A600FF83A6 /* SwiftUI.framework */; };
		265E4D10287208A600FF83A6 /* JikyeojulgeWidget.swift in Sources */ = {isa = PBXBuildFile; fileRef = 265E4D0F287208A600FF83A6 /* JikyeojulgeWidget.swift */; };
		265E4D13287208A700FF83A6 /* Assets.xcassets in Resources */ = {isa = PBXBuildFile; fileRef = 265E4D12287208A700FF83A6 /* Assets.xcassets */; };
		265E4D15287208A700FF83A6 /* JikyeojulgeWidget.intentdefinition in Sources */ = {isa = PBXBuildFile; fileRef = 265E4D11287208A600FF83A6 /* JikyeojulgeWidget.intentdefinition */; };
		265E4D16287208A700FF83A6 /* JikyeojulgeWidget.intentdefinition in Sources */ = {isa = PBXBuildFile; fileRef = 265E4D11287208A600FF83A6 /* JikyeojulgeWidget.intentdefinition */; };
		265E4D19287208A700FF83A6 /* JikyeojulgeWidgetExtension.appex in Embed App Extensions */ = {isa = PBXBuildFile; fileRef = 265E4D08287208A600FF83A6 /* JikyeojulgeWidgetExtension.appex */; settings = {ATTRIBUTES = (RemoveHeadersOnCopy, ); }; };
		266AB39C286B0DC4008A8079 /* MedicineDetailView.swift in Sources */ = {isa = PBXBuildFile; fileRef = 266AB39B286B0DC4008A8079 /* MedicineDetailView.swift */; };
		266AB3BA286C2CA4008A8079 /* MedicineModel.swift in Sources */ = {isa = PBXBuildFile; fileRef = 266AB3B9286C2CA4008A8079 /* MedicineModel.swift */; };
		266AB3BD286C2E93008A8079 /* NetworkManager.swift in Sources */ = {isa = PBXBuildFile; fileRef = 266AB3BC286C2E93008A8079 /* NetworkManager.swift */; };
		26A58306287421760091B671 /* Jikyeojulge.xcdatamodeld in Sources */ = {isa = PBXBuildFile; fileRef = 98913F25286884B9001A13C5 /* Jikyeojulge.xcdatamodeld */; };
		26A583072874218D0091B671 /* Persistence.swift in Sources */ = {isa = PBXBuildFile; fileRef = 98913F23286884B9001A13C5 /* Persistence.swift */; };
		26F781352879C89C002E8091 /* WidgetKit.framework in Frameworks */ = {isa = PBXBuildFile; fileRef = 265E4D0A287208A600FF83A6 /* WidgetKit.framework */; };
		26F781362879C89C002E8091 /* SwiftUI.framework in Frameworks */ = {isa = PBXBuildFile; fileRef = 265E4D0C287208A600FF83A6 /* SwiftUI.framework */; };
		26F781392879C89C002E8091 /* JikyeojulgePersonalInfoWidget.swift in Sources */ = {isa = PBXBuildFile; fileRef = 26F781382879C89C002E8091 /* JikyeojulgePersonalInfoWidget.swift */; };
		26F7813B2879C89E002E8091 /* Assets.xcassets in Resources */ = {isa = PBXBuildFile; fileRef = 26F7813A2879C89E002E8091 /* Assets.xcassets */; };
		26F7813F2879C89E002E8091 /* JikyeojulgePersonalInfoWidgetExtension.appex in Embed App Extensions */ = {isa = PBXBuildFile; fileRef = 26F781342879C89C002E8091 /* JikyeojulgePersonalInfoWidgetExtension.appex */; settings = {ATTRIBUTES = (RemoveHeadersOnCopy, ); }; };
		26F781432879C8F0002E8091 /* Color+Extension.swift in Sources */ = {isa = PBXBuildFile; fileRef = 98F1CBFB2869858100B9737B /* Color+Extension.swift */; };
		26F781442879C8F5002E8091 /* PersonalInfoEntity+CoreDataClass.swift in Sources */ = {isa = PBXBuildFile; fileRef = 98DE9BD02873049C00EFA265 /* PersonalInfoEntity+CoreDataClass.swift */; };
		26F781452879C8F8002E8091 /* PersonalInfoEntity+CoreDataProperties.swift in Sources */ = {isa = PBXBuildFile; fileRef = 98DE9BD12873049C00EFA265 /* PersonalInfoEntity+CoreDataProperties.swift */; };
		26F781462879C8FE002E8091 /* Persistence.swift in Sources */ = {isa = PBXBuildFile; fileRef = 98913F23286884B9001A13C5 /* Persistence.swift */; };
		26F781472879C94F002E8091 /* Jikyeojulge.xcdatamodeld in Sources */ = {isa = PBXBuildFile; fileRef = 98913F25286884B9001A13C5 /* Jikyeojulge.xcdatamodeld */; };
		9804CC152874B7510063407A /* DeveloperInfoView.swift in Sources */ = {isa = PBXBuildFile; fileRef = 9804CC142874B7510063407A /* DeveloperInfoView.swift */; };
		9804CC17287544290063407A /* PersonalInfoEntity+CoreDataProperties.swift in Sources */ = {isa = PBXBuildFile; fileRef = 98DE9BD12873049C00EFA265 /* PersonalInfoEntity+CoreDataProperties.swift */; };
		9804CC1A2875486F0063407A /* Launch Screen.storyboard in Resources */ = {isa = PBXBuildFile; fileRef = 9804CC192875486F0063407A /* Launch Screen.storyboard */; };
		9804CC1E28792F820063407A /* ViewStirng.swift in Sources */ = {isa = PBXBuildFile; fileRef = 9804CC1D28792F820063407A /* ViewStirng.swift */; };
		9804CC202879312F0063407A /* DeveloperLink.swift in Sources */ = {isa = PBXBuildFile; fileRef = 9804CC1F2879312F0063407A /* DeveloperLink.swift */; };
		987036A5286AE52100451744 /* InitBtn.swift in Sources */ = {isa = PBXBuildFile; fileRef = 987036A4286AE52100451744 /* InitBtn.swift */; };
		987036A7286AE53600451744 /* InitTextField.swift in Sources */ = {isa = PBXBuildFile; fileRef = 987036A6286AE53600451744 /* InitTextField.swift */; };
		987036A9286AE55700451744 /* InitTitle.swift in Sources */ = {isa = PBXBuildFile; fileRef = 987036A8286AE55700451744 /* InitTitle.swift */; };
		987036AC286AEB5200451744 /* CustomTextEditior.swift in Sources */ = {isa = PBXBuildFile; fileRef = 987036AB286AEB5200451744 /* CustomTextEditior.swift */; };
		987036AE286AEBB800451744 /* ModifyingInfoTextLine.swift in Sources */ = {isa = PBXBuildFile; fileRef = 987036AD286AEBB800451744 /* ModifyingInfoTextLine.swift */; };
		987036B0286AECA500451744 /* ImagePicker.swift in Sources */ = {isa = PBXBuildFile; fileRef = 987036AF286AECA500451744 /* ImagePicker.swift */; };
		987036B2286B08DB00451744 /* HidKeyboard+Extension.swift in Sources */ = {isa = PBXBuildFile; fileRef = 987036B1286B08DB00451744 /* HidKeyboard+Extension.swift */; };
		98913F1B286884B8001A13C5 /* JikyeojulgeApp.swift in Sources */ = {isa = PBXBuildFile; fileRef = 98913F1A286884B8001A13C5 /* JikyeojulgeApp.swift */; };
		98913F1D286884B8001A13C5 /* ContentView.swift in Sources */ = {isa = PBXBuildFile; fileRef = 98913F1C286884B8001A13C5 /* ContentView.swift */; };
		98913F1F286884B9001A13C5 /* Assets.xcassets in Resources */ = {isa = PBXBuildFile; fileRef = 98913F1E286884B9001A13C5 /* Assets.xcassets */; };
		98913F22286884B9001A13C5 /* Preview Assets.xcassets in Resources */ = {isa = PBXBuildFile; fileRef = 98913F21286884B9001A13C5 /* Preview Assets.xcassets */; };
		98913F24286884B9001A13C5 /* Persistence.swift in Sources */ = {isa = PBXBuildFile; fileRef = 98913F23286884B9001A13C5 /* Persistence.swift */; };
		98913F27286884B9001A13C5 /* Jikyeojulge.xcdatamodeld in Sources */ = {isa = PBXBuildFile; fileRef = 98913F25286884B9001A13C5 /* Jikyeojulge.xcdatamodeld */; };
		98913F31286884B9001A13C5 /* JikyeojulgeTests.swift in Sources */ = {isa = PBXBuildFile; fileRef = 98913F30286884B9001A13C5 /* JikyeojulgeTests.swift */; };
		98913F3B286884B9001A13C5 /* JikyeojulgeUITests.swift in Sources */ = {isa = PBXBuildFile; fileRef = 98913F3A286884B9001A13C5 /* JikyeojulgeUITests.swift */; };
		98913F3D286884B9001A13C5 /* JikyeojulgeUITestsLaunchTests.swift in Sources */ = {isa = PBXBuildFile; fileRef = 98913F3C286884B9001A13C5 /* JikyeojulgeUITestsLaunchTests.swift */; };
		98913F4A286884E4001A13C5 /* InitSettingView.swift in Sources */ = {isa = PBXBuildFile; fileRef = 98913F49286884E4001A13C5 /* InitSettingView.swift */; };
		98913F4C286884F3001A13C5 /* MainView.swift in Sources */ = {isa = PBXBuildFile; fileRef = 98913F4B286884F3001A13C5 /* MainView.swift */; };
		98913F4E28688502001A13C5 /* MedicineRecordView.swift in Sources */ = {isa = PBXBuildFile; fileRef = 98913F4D28688502001A13C5 /* MedicineRecordView.swift */; };
		98913F502868850D001A13C5 /* SettingView.swift in Sources */ = {isa = PBXBuildFile; fileRef = 98913F4F2868850D001A13C5 /* SettingView.swift */; };
		98913F5228688524001A13C5 /* MedicineSearchView.swift in Sources */ = {isa = PBXBuildFile; fileRef = 98913F5128688524001A13C5 /* MedicineSearchView.swift */; };
		98913F542868855E001A13C5 /* ModifyingInfoView.swift in Sources */ = {isa = PBXBuildFile; fileRef = 98913F532868855E001A13C5 /* ModifyingInfoView.swift */; };
		98913F562868856E001A13C5 /* OnboardingView.swift in Sources */ = {isa = PBXBuildFile; fileRef = 98913F552868856E001A13C5 /* OnboardingView.swift */; };
		98DE9BD22873049C00EFA265 /* PersonalInfoEntity+CoreDataClass.swift in Sources */ = {isa = PBXBuildFile; fileRef = 98DE9BD02873049C00EFA265 /* PersonalInfoEntity+CoreDataClass.swift */; };
		98DE9BD32873049C00EFA265 /* PersonalInfoEntity+CoreDataProperties.swift in Sources */ = {isa = PBXBuildFile; fileRef = 98DE9BD12873049C00EFA265 /* PersonalInfoEntity+CoreDataProperties.swift */; };
		98DE9BD52874642200EFA265 /* LoadingView.swift in Sources */ = {isa = PBXBuildFile; fileRef = 98DE9BD42874642200EFA265 /* LoadingView.swift */; };
		98DE9BD72874642F00EFA265 /* ActivityIndicatorView.swift in Sources */ = {isa = PBXBuildFile; fileRef = 98DE9BD62874642F00EFA265 /* ActivityIndicatorView.swift */; };
		98DE9BD92874656D00EFA265 /* ImageLoader.swift in Sources */ = {isa = PBXBuildFile; fileRef = 98DE9BD82874656D00EFA265 /* ImageLoader.swift */; };
		98DE9BE428747C6F00EFA265 /* MedicineDataEntity+CoreDataClass.swift in Sources */ = {isa = PBXBuildFile; fileRef = 98DE9BE228747C6F00EFA265 /* MedicineDataEntity+CoreDataClass.swift */; };
		98DE9BE528747C6F00EFA265 /* MedicineDataEntity+CoreDataProperties.swift in Sources */ = {isa = PBXBuildFile; fileRef = 98DE9BE328747C6F00EFA265 /* MedicineDataEntity+CoreDataProperties.swift */; };
		98F1CBFC2869858100B9737B /* Color+Extension.swift in Sources */ = {isa = PBXBuildFile; fileRef = 98F1CBFB2869858100B9737B /* Color+Extension.swift */; };
/* End PBXBuildFile section */

/* Begin PBXContainerItemProxy section */
		265E4D17287208A700FF83A6 /* PBXContainerItemProxy */ = {
			isa = PBXContainerItemProxy;
			containerPortal = 98913F0F286884B8001A13C5 /* Project object */;
			proxyType = 1;
			remoteGlobalIDString = 265E4D07287208A600FF83A6;
			remoteInfo = JikyeojulgeWidgetExtension;
		};
		26F7813D2879C89E002E8091 /* PBXContainerItemProxy */ = {
			isa = PBXContainerItemProxy;
			containerPortal = 98913F0F286884B8001A13C5 /* Project object */;
			proxyType = 1;
			remoteGlobalIDString = 26F781332879C89C002E8091;
			remoteInfo = JikyeojulgePersonalInfoWidgetExtension;
		};
		98913F2D286884B9001A13C5 /* PBXContainerItemProxy */ = {
			isa = PBXContainerItemProxy;
			containerPortal = 98913F0F286884B8001A13C5 /* Project object */;
			proxyType = 1;
			remoteGlobalIDString = 98913F16286884B8001A13C5;
			remoteInfo = Jikyeojulge;
		};
		98913F37286884B9001A13C5 /* PBXContainerItemProxy */ = {
			isa = PBXContainerItemProxy;
			containerPortal = 98913F0F286884B8001A13C5 /* Project object */;
			proxyType = 1;
			remoteGlobalIDString = 98913F16286884B8001A13C5;
			remoteInfo = Jikyeojulge;
		};
/* End PBXContainerItemProxy section */

/* Begin PBXCopyFilesBuildPhase section */
		265E4D1A287208A700FF83A6 /* Embed App Extensions */ = {
			isa = PBXCopyFilesBuildPhase;
			buildActionMask = 2147483647;
			dstPath = "";
			dstSubfolderSpec = 13;
			files = (
				265E4D19287208A700FF83A6 /* JikyeojulgeWidgetExtension.appex in Embed App Extensions */,
				26F7813F2879C89E002E8091 /* JikyeojulgePersonalInfoWidgetExtension.appex in Embed App Extensions */,
			);
			name = "Embed App Extensions";
			runOnlyForDeploymentPostprocessing = 0;
		};
/* End PBXCopyFilesBuildPhase section */

/* Begin PBXFileReference section */
		265E4CFE286C3FB400FF83A6 /* Info.plist */ = {isa = PBXFileReference; lastKnownFileType = text.plist; path = Info.plist; sourceTree = "<group>"; };
		265E4CFF286F40A100FF83A6 /* MedicineInfo.swift */ = {isa = PBXFileReference; lastKnownFileType = sourcecode.swift; path = MedicineInfo.swift; sourceTree = "<group>"; };
		265E4D08287208A600FF83A6 /* JikyeojulgeWidgetExtension.appex */ = {isa = PBXFileReference; explicitFileType = "wrapper.app-extension"; includeInIndex = 0; path = JikyeojulgeWidgetExtension.appex; sourceTree = BUILT_PRODUCTS_DIR; };
		265E4D0A287208A600FF83A6 /* WidgetKit.framework */ = {isa = PBXFileReference; lastKnownFileType = wrapper.framework; name = WidgetKit.framework; path = System/Library/Frameworks/WidgetKit.framework; sourceTree = SDKROOT; };
		265E4D0C287208A600FF83A6 /* SwiftUI.framework */ = {isa = PBXFileReference; lastKnownFileType = wrapper.framework; name = SwiftUI.framework; path = System/Library/Frameworks/SwiftUI.framework; sourceTree = SDKROOT; };
		265E4D0F287208A600FF83A6 /* JikyeojulgeWidget.swift */ = {isa = PBXFileReference; lastKnownFileType = sourcecode.swift; path = JikyeojulgeWidget.swift; sourceTree = "<group>"; };
		265E4D11287208A600FF83A6 /* JikyeojulgeWidget.intentdefinition */ = {isa = PBXFileReference; lastKnownFileType = file.intentdefinition; path = JikyeojulgeWidget.intentdefinition; sourceTree = "<group>"; };
		265E4D12287208A700FF83A6 /* Assets.xcassets */ = {isa = PBXFileReference; lastKnownFileType = folder.assetcatalog; path = Assets.xcassets; sourceTree = "<group>"; };
		265E4D14287208A700FF83A6 /* Info.plist */ = {isa = PBXFileReference; lastKnownFileType = text.plist.xml; path = Info.plist; sourceTree = "<group>"; };
		265E4D1E28740A0000FF83A6 /* Jikyeojulge.entitlements */ = {isa = PBXFileReference; lastKnownFileType = text.plist.entitlements; path = Jikyeojulge.entitlements; sourceTree = "<group>"; };
		266AB39B286B0DC4008A8079 /* MedicineDetailView.swift */ = {isa = PBXFileReference; lastKnownFileType = sourcecode.swift; path = MedicineDetailView.swift; sourceTree = "<group>"; };
		266AB3B9286C2CA4008A8079 /* MedicineModel.swift */ = {isa = PBXFileReference; lastKnownFileType = sourcecode.swift; path = MedicineModel.swift; sourceTree = "<group>"; };
		266AB3BC286C2E93008A8079 /* NetworkManager.swift */ = {isa = PBXFileReference; lastKnownFileType = sourcecode.swift; path = NetworkManager.swift; sourceTree = "<group>"; };
		26F781342879C89C002E8091 /* JikyeojulgePersonalInfoWidgetExtension.appex */ = {isa = PBXFileReference; explicitFileType = "wrapper.app-extension"; includeInIndex = 0; path = JikyeojulgePersonalInfoWidgetExtension.appex; sourceTree = BUILT_PRODUCTS_DIR; };
		26F781382879C89C002E8091 /* JikyeojulgePersonalInfoWidget.swift */ = {isa = PBXFileReference; lastKnownFileType = sourcecode.swift; path = JikyeojulgePersonalInfoWidget.swift; sourceTree = "<group>"; };
		26F7813A2879C89E002E8091 /* Assets.xcassets */ = {isa = PBXFileReference; lastKnownFileType = folder.assetcatalog; path = Assets.xcassets; sourceTree = "<group>"; };
		26F7813C2879C89E002E8091 /* Info.plist */ = {isa = PBXFileReference; lastKnownFileType = text.plist.xml; path = Info.plist; sourceTree = "<group>"; };
		26F781482879C958002E8091 /* JikyeojulgePersonalInfoWidgetExtension.entitlements */ = {isa = PBXFileReference; lastKnownFileType = text.plist.entitlements; path = JikyeojulgePersonalInfoWidgetExtension.entitlements; sourceTree = "<group>"; };
		9804CC142874B7510063407A /* DeveloperInfoView.swift */ = {isa = PBXFileReference; lastKnownFileType = sourcecode.swift; path = DeveloperInfoView.swift; sourceTree = "<group>"; };
		9804CC182875447B0063407A /* JikyeojulgeWidgetExtension.entitlements */ = {isa = PBXFileReference; lastKnownFileType = text.plist.entitlements; path = JikyeojulgeWidgetExtension.entitlements; sourceTree = "<group>"; };
		9804CC192875486F0063407A /* Launch Screen.storyboard */ = {isa = PBXFileReference; lastKnownFileType = file.storyboard; path = "Launch Screen.storyboard"; sourceTree = "<group>"; };
		9804CC1D28792F820063407A /* ViewStirng.swift */ = {isa = PBXFileReference; lastKnownFileType = sourcecode.swift; path = ViewStirng.swift; sourceTree = "<group>"; };
		9804CC1F2879312F0063407A /* DeveloperLink.swift */ = {isa = PBXFileReference; lastKnownFileType = sourcecode.swift; path = DeveloperLink.swift; sourceTree = "<group>"; };
		987036A4286AE52100451744 /* InitBtn.swift */ = {isa = PBXFileReference; lastKnownFileType = sourcecode.swift; path = InitBtn.swift; sourceTree = "<group>"; };
		987036A6286AE53600451744 /* InitTextField.swift */ = {isa = PBXFileReference; lastKnownFileType = sourcecode.swift; path = InitTextField.swift; sourceTree = "<group>"; };
		987036A8286AE55700451744 /* InitTitle.swift */ = {isa = PBXFileReference; lastKnownFileType = sourcecode.swift; path = InitTitle.swift; sourceTree = "<group>"; };
		987036AB286AEB5200451744 /* CustomTextEditior.swift */ = {isa = PBXFileReference; lastKnownFileType = sourcecode.swift; path = CustomTextEditior.swift; sourceTree = "<group>"; };
		987036AD286AEBB800451744 /* ModifyingInfoTextLine.swift */ = {isa = PBXFileReference; lastKnownFileType = sourcecode.swift; path = ModifyingInfoTextLine.swift; sourceTree = "<group>"; };
		987036AF286AECA500451744 /* ImagePicker.swift */ = {isa = PBXFileReference; lastKnownFileType = sourcecode.swift; path = ImagePicker.swift; sourceTree = "<group>"; };
		987036B1286B08DB00451744 /* HidKeyboard+Extension.swift */ = {isa = PBXFileReference; lastKnownFileType = sourcecode.swift; path = "HidKeyboard+Extension.swift"; sourceTree = "<group>"; };
		98913F17286884B8001A13C5 /* Jikyeojulge.app */ = {isa = PBXFileReference; explicitFileType = wrapper.application; includeInIndex = 0; path = Jikyeojulge.app; sourceTree = BUILT_PRODUCTS_DIR; };
		98913F1A286884B8001A13C5 /* JikyeojulgeApp.swift */ = {isa = PBXFileReference; lastKnownFileType = sourcecode.swift; path = JikyeojulgeApp.swift; sourceTree = "<group>"; };
		98913F1C286884B8001A13C5 /* ContentView.swift */ = {isa = PBXFileReference; lastKnownFileType = sourcecode.swift; path = ContentView.swift; sourceTree = "<group>"; };
		98913F1E286884B9001A13C5 /* Assets.xcassets */ = {isa = PBXFileReference; lastKnownFileType = folder.assetcatalog; path = Assets.xcassets; sourceTree = "<group>"; };
		98913F21286884B9001A13C5 /* Preview Assets.xcassets */ = {isa = PBXFileReference; lastKnownFileType = folder.assetcatalog; path = "Preview Assets.xcassets"; sourceTree = "<group>"; };
		98913F23286884B9001A13C5 /* Persistence.swift */ = {isa = PBXFileReference; lastKnownFileType = sourcecode.swift; path = Persistence.swift; sourceTree = "<group>"; };
		98913F26286884B9001A13C5 /* Jikyeojulge.xcdatamodel */ = {isa = PBXFileReference; lastKnownFileType = wrapper.xcdatamodel; path = Jikyeojulge.xcdatamodel; sourceTree = "<group>"; };
		98913F2C286884B9001A13C5 /* JikyeojulgeTests.xctest */ = {isa = PBXFileReference; explicitFileType = wrapper.cfbundle; includeInIndex = 0; path = JikyeojulgeTests.xctest; sourceTree = BUILT_PRODUCTS_DIR; };
		98913F30286884B9001A13C5 /* JikyeojulgeTests.swift */ = {isa = PBXFileReference; lastKnownFileType = sourcecode.swift; path = JikyeojulgeTests.swift; sourceTree = "<group>"; };
		98913F36286884B9001A13C5 /* JikyeojulgeUITests.xctest */ = {isa = PBXFileReference; explicitFileType = wrapper.cfbundle; includeInIndex = 0; path = JikyeojulgeUITests.xctest; sourceTree = BUILT_PRODUCTS_DIR; };
		98913F3A286884B9001A13C5 /* JikyeojulgeUITests.swift */ = {isa = PBXFileReference; lastKnownFileType = sourcecode.swift; path = JikyeojulgeUITests.swift; sourceTree = "<group>"; };
		98913F3C286884B9001A13C5 /* JikyeojulgeUITestsLaunchTests.swift */ = {isa = PBXFileReference; lastKnownFileType = sourcecode.swift; path = JikyeojulgeUITestsLaunchTests.swift; sourceTree = "<group>"; };
		98913F49286884E4001A13C5 /* InitSettingView.swift */ = {isa = PBXFileReference; lastKnownFileType = sourcecode.swift; path = InitSettingView.swift; sourceTree = "<group>"; };
		98913F4B286884F3001A13C5 /* MainView.swift */ = {isa = PBXFileReference; lastKnownFileType = sourcecode.swift; path = MainView.swift; sourceTree = "<group>"; };
		98913F4D28688502001A13C5 /* MedicineRecordView.swift */ = {isa = PBXFileReference; lastKnownFileType = sourcecode.swift; path = MedicineRecordView.swift; sourceTree = "<group>"; };
		98913F4F2868850D001A13C5 /* SettingView.swift */ = {isa = PBXFileReference; lastKnownFileType = sourcecode.swift; path = SettingView.swift; sourceTree = "<group>"; };
		98913F5128688524001A13C5 /* MedicineSearchView.swift */ = {isa = PBXFileReference; lastKnownFileType = sourcecode.swift; path = MedicineSearchView.swift; sourceTree = "<group>"; };
		98913F532868855E001A13C5 /* ModifyingInfoView.swift */ = {isa = PBXFileReference; lastKnownFileType = sourcecode.swift; path = ModifyingInfoView.swift; sourceTree = "<group>"; };
		98913F552868856E001A13C5 /* OnboardingView.swift */ = {isa = PBXFileReference; lastKnownFileType = sourcecode.swift; path = OnboardingView.swift; sourceTree = "<group>"; };
		98DE9BD02873049C00EFA265 /* PersonalInfoEntity+CoreDataClass.swift */ = {isa = PBXFileReference; lastKnownFileType = sourcecode.swift; path = "PersonalInfoEntity+CoreDataClass.swift"; sourceTree = "<group>"; };
		98DE9BD12873049C00EFA265 /* PersonalInfoEntity+CoreDataProperties.swift */ = {isa = PBXFileReference; lastKnownFileType = sourcecode.swift; path = "PersonalInfoEntity+CoreDataProperties.swift"; sourceTree = "<group>"; };
		98DE9BD42874642200EFA265 /* LoadingView.swift */ = {isa = PBXFileReference; fileEncoding = 4; lastKnownFileType = sourcecode.swift; path = LoadingView.swift; sourceTree = "<group>"; };
		98DE9BD62874642F00EFA265 /* ActivityIndicatorView.swift */ = {isa = PBXFileReference; fileEncoding = 4; lastKnownFileType = sourcecode.swift; path = ActivityIndicatorView.swift; sourceTree = "<group>"; };
		98DE9BD82874656D00EFA265 /* ImageLoader.swift */ = {isa = PBXFileReference; fileEncoding = 4; lastKnownFileType = sourcecode.swift; path = ImageLoader.swift; sourceTree = "<group>"; };
		98DE9BE228747C6F00EFA265 /* MedicineDataEntity+CoreDataClass.swift */ = {isa = PBXFileReference; lastKnownFileType = sourcecode.swift; path = "MedicineDataEntity+CoreDataClass.swift"; sourceTree = "<group>"; };
		98DE9BE328747C6F00EFA265 /* MedicineDataEntity+CoreDataProperties.swift */ = {isa = PBXFileReference; lastKnownFileType = sourcecode.swift; path = "MedicineDataEntity+CoreDataProperties.swift"; sourceTree = "<group>"; };
		98F1CBFB2869858100B9737B /* Color+Extension.swift */ = {isa = PBXFileReference; lastKnownFileType = sourcecode.swift; path = "Color+Extension.swift"; sourceTree = "<group>"; };
/* End PBXFileReference section */

/* Begin PBXFrameworksBuildPhase section */
		265E4D05287208A600FF83A6 /* Frameworks */ = {
			isa = PBXFrameworksBuildPhase;
			buildActionMask = 2147483647;
			files = (
				265E4D0D287208A600FF83A6 /* SwiftUI.framework in Frameworks */,
				265E4D0B287208A600FF83A6 /* WidgetKit.framework in Frameworks */,
			);
			runOnlyForDeploymentPostprocessing = 0;
		};
		26F781312879C89C002E8091 /* Frameworks */ = {
			isa = PBXFrameworksBuildPhase;
			buildActionMask = 2147483647;
			files = (
				26F781362879C89C002E8091 /* SwiftUI.framework in Frameworks */,
				26F781352879C89C002E8091 /* WidgetKit.framework in Frameworks */,
			);
			runOnlyForDeploymentPostprocessing = 0;
		};
		98913F14286884B8001A13C5 /* Frameworks */ = {
			isa = PBXFrameworksBuildPhase;
			buildActionMask = 2147483647;
			files = (
			);
			runOnlyForDeploymentPostprocessing = 0;
		};
		98913F29286884B9001A13C5 /* Frameworks */ = {
			isa = PBXFrameworksBuildPhase;
			buildActionMask = 2147483647;
			files = (
			);
			runOnlyForDeploymentPostprocessing = 0;
		};
		98913F33286884B9001A13C5 /* Frameworks */ = {
			isa = PBXFrameworksBuildPhase;
			buildActionMask = 2147483647;
			files = (
			);
			runOnlyForDeploymentPostprocessing = 0;
		};
/* End PBXFrameworksBuildPhase section */

/* Begin PBXGroup section */
		265E4D01286F40E100FF83A6 /* UIComponent */ = {
			isa = PBXGroup;
			children = (
				265E4CFF286F40A100FF83A6 /* MedicineInfo.swift */,
			);
			path = UIComponent;
			sourceTree = "<group>";
		};
		265E4D09287208A600FF83A6 /* Frameworks */ = {
			isa = PBXGroup;
			children = (
				265E4D0A287208A600FF83A6 /* WidgetKit.framework */,
				265E4D0C287208A600FF83A6 /* SwiftUI.framework */,
			);
			name = Frameworks;
			sourceTree = "<group>";
		};
		265E4D0E287208A600FF83A6 /* JikyeojulgeWidget */ = {
			isa = PBXGroup;
			children = (
				265E4D0F287208A600FF83A6 /* JikyeojulgeWidget.swift */,
				265E4D11287208A600FF83A6 /* JikyeojulgeWidget.intentdefinition */,
				265E4D12287208A700FF83A6 /* Assets.xcassets */,
				265E4D14287208A700FF83A6 /* Info.plist */,
			);
			path = JikyeojulgeWidget;
			sourceTree = "<group>";
		};
		266AB3BB286C2E79008A8079 /* ViewModel */ = {
			isa = PBXGroup;
			children = (
				987036AF286AECA500451744 /* ImagePicker.swift */,
				266AB3BC286C2E93008A8079 /* NetworkManager.swift */,
			);
			path = ViewModel;
			sourceTree = "<group>";
		};
		26F781372879C89C002E8091 /* JikyeojulgePersonalInfoWidget */ = {
			isa = PBXGroup;
			children = (
				26F781382879C89C002E8091 /* JikyeojulgePersonalInfoWidget.swift */,
				26F7813A2879C89E002E8091 /* Assets.xcassets */,
				26F7813C2879C89E002E8091 /* Info.plist */,
			);
			path = JikyeojulgePersonalInfoWidget;
			sourceTree = "<group>";
		};
		987036A3286AE4F300451744 /* InitSettingView */ = {
			isa = PBXGroup;
			children = (
				98913F49286884E4001A13C5 /* InitSettingView.swift */,
				987036A8286AE55700451744 /* InitTitle.swift */,
				987036A6286AE53600451744 /* InitTextField.swift */,
				987036A4286AE52100451744 /* InitBtn.swift */,
				98DE9BD42874642200EFA265 /* LoadingView.swift */,
				98DE9BD62874642F00EFA265 /* ActivityIndicatorView.swift */,
				98DE9BD82874656D00EFA265 /* ImageLoader.swift */,
			);
			path = InitSettingView;
			sourceTree = "<group>";
		};
		987036AA286AE58300451744 /* ModifyingInfoView */ = {
			isa = PBXGroup;
			children = (
				98913F532868855E001A13C5 /* ModifyingInfoView.swift */,
				987036AD286AEBB800451744 /* ModifyingInfoTextLine.swift */,
				987036AB286AEB5200451744 /* CustomTextEditior.swift */,
			);
			path = ModifyingInfoView;
			sourceTree = "<group>";
		};
		98913F0E286884B8001A13C5 = {
			isa = PBXGroup;
			children = (
				26F781482879C958002E8091 /* JikyeojulgePersonalInfoWidgetExtension.entitlements */,
				9804CC182875447B0063407A /* JikyeojulgeWidgetExtension.entitlements */,
				98913F19286884B8001A13C5 /* Jikyeojulge */,
				98913F2F286884B9001A13C5 /* JikyeojulgeTests */,
				98913F39286884B9001A13C5 /* JikyeojulgeUITests */,
				265E4D0E287208A600FF83A6 /* JikyeojulgeWidget */,
				26F781372879C89C002E8091 /* JikyeojulgePersonalInfoWidget */,
				265E4D09287208A600FF83A6 /* Frameworks */,
				98913F18286884B8001A13C5 /* Products */,
			);
			sourceTree = "<group>";
		};
		98913F18286884B8001A13C5 /* Products */ = {
			isa = PBXGroup;
			children = (
				98913F17286884B8001A13C5 /* Jikyeojulge.app */,
				98913F2C286884B9001A13C5 /* JikyeojulgeTests.xctest */,
				98913F36286884B9001A13C5 /* JikyeojulgeUITests.xctest */,
				265E4D08287208A600FF83A6 /* JikyeojulgeWidgetExtension.appex */,
				26F781342879C89C002E8091 /* JikyeojulgePersonalInfoWidgetExtension.appex */,
			);
			name = Products;
			sourceTree = "<group>";
		};
		98913F19286884B8001A13C5 /* Jikyeojulge */ = {
			isa = PBXGroup;
			children = (
				265E4D1E28740A0000FF83A6 /* Jikyeojulge.entitlements */,
				265E4CFE286C3FB400FF83A6 /* Info.plist */,
				98913F1A286884B8001A13C5 /* JikyeojulgeApp.swift */,
				98913F1C286884B8001A13C5 /* ContentView.swift */,
				98913F5728688586001A13C5 /* Model */,
				266AB3BB286C2E79008A8079 /* ViewModel */,
				98913F5828688612001A13C5 /* Global */,
				265E4D01286F40E100FF83A6 /* UIComponent */,
				98913F5928688622001A13C5 /* View */,
				98913F1E286884B9001A13C5 /* Assets.xcassets */,
				98913F20286884B9001A13C5 /* Preview Content */,
			);
			path = Jikyeojulge;
			sourceTree = "<group>";
		};
		98913F20286884B9001A13C5 /* Preview Content */ = {
			isa = PBXGroup;
			children = (
				98913F21286884B9001A13C5 /* Preview Assets.xcassets */,
			);
			path = "Preview Content";
			sourceTree = "<group>";
		};
		98913F2F286884B9001A13C5 /* JikyeojulgeTests */ = {
			isa = PBXGroup;
			children = (
				98913F30286884B9001A13C5 /* JikyeojulgeTests.swift */,
			);
			path = JikyeojulgeTests;
			sourceTree = "<group>";
		};
		98913F39286884B9001A13C5 /* JikyeojulgeUITests */ = {
			isa = PBXGroup;
			children = (
				98913F3A286884B9001A13C5 /* JikyeojulgeUITests.swift */,
				98913F3C286884B9001A13C5 /* JikyeojulgeUITestsLaunchTests.swift */,
			);
			path = JikyeojulgeUITests;
			sourceTree = "<group>";
		};
		98913F5728688586001A13C5 /* Model */ = {
			isa = PBXGroup;
			children = (
				98913F25286884B9001A13C5 /* Jikyeojulge.xcdatamodeld */,
				98DE9BD02873049C00EFA265 /* PersonalInfoEntity+CoreDataClass.swift */,
				98DE9BD12873049C00EFA265 /* PersonalInfoEntity+CoreDataProperties.swift */,
				98DE9BE228747C6F00EFA265 /* MedicineDataEntity+CoreDataClass.swift */,
				98DE9BE328747C6F00EFA265 /* MedicineDataEntity+CoreDataProperties.swift */,
				266AB3B9286C2CA4008A8079 /* MedicineModel.swift */,
				9804CC1D28792F820063407A /* ViewStirng.swift */,
				98913F23286884B9001A13C5 /* Persistence.swift */,
			);
			path = Model;
			sourceTree = "<group>";
		};
		98913F5828688612001A13C5 /* Global */ = {
			isa = PBXGroup;
			children = (
				98F1CBFB2869858100B9737B /* Color+Extension.swift */,
				987036B1286B08DB00451744 /* HidKeyboard+Extension.swift */,
			);
			path = Global;
			sourceTree = "<group>";
		};
		98913F5928688622001A13C5 /* View */ = {
			isa = PBXGroup;
			children = (
				9804CC192875486F0063407A /* Launch Screen.storyboard */,
				987036A3286AE4F300451744 /* InitSettingView */,
				98913F4B286884F3001A13C5 /* MainView.swift */,
				98913F4D28688502001A13C5 /* MedicineRecordView.swift */,
				266AB39B286B0DC4008A8079 /* MedicineDetailView.swift */,
				98913F5128688524001A13C5 /* MedicineSearchView.swift */,
				98913F4F2868850D001A13C5 /* SettingView.swift */,
				9804CC142874B7510063407A /* DeveloperInfoView.swift */,
				9804CC1F2879312F0063407A /* DeveloperLink.swift */,
				987036AA286AE58300451744 /* ModifyingInfoView */,
				98913F552868856E001A13C5 /* OnboardingView.swift */,
			);
			path = View;
			sourceTree = "<group>";
		};
/* End PBXGroup section */

/* Begin PBXNativeTarget section */
		265E4D07287208A600FF83A6 /* JikyeojulgeWidgetExtension */ = {
			isa = PBXNativeTarget;
			buildConfigurationList = 265E4D1D287208A700FF83A6 /* Build configuration list for PBXNativeTarget "JikyeojulgeWidgetExtension" */;
			buildPhases = (
				265E4D04287208A600FF83A6 /* Sources */,
				265E4D05287208A600FF83A6 /* Frameworks */,
				265E4D06287208A600FF83A6 /* Resources */,
			);
			buildRules = (
			);
			dependencies = (
			);
			name = JikyeojulgeWidgetExtension;
			productName = JikyeojulgeWidgetExtension;
			productReference = 265E4D08287208A600FF83A6 /* JikyeojulgeWidgetExtension.appex */;
			productType = "com.apple.product-type.app-extension";
		};
		26F781332879C89C002E8091 /* JikyeojulgePersonalInfoWidgetExtension */ = {
			isa = PBXNativeTarget;
			buildConfigurationList = 26F781402879C89E002E8091 /* Build configuration list for PBXNativeTarget "JikyeojulgePersonalInfoWidgetExtension" */;
			buildPhases = (
				26F781302879C89C002E8091 /* Sources */,
				26F781312879C89C002E8091 /* Frameworks */,
				26F781322879C89C002E8091 /* Resources */,
			);
			buildRules = (
			);
			dependencies = (
			);
			name = JikyeojulgePersonalInfoWidgetExtension;
			productName = JikyeojulgePersonalInfoWidgetExtension;
			productReference = 26F781342879C89C002E8091 /* JikyeojulgePersonalInfoWidgetExtension.appex */;
			productType = "com.apple.product-type.app-extension";
		};
		98913F16286884B8001A13C5 /* Jikyeojulge */ = {
			isa = PBXNativeTarget;
			buildConfigurationList = 98913F40286884B9001A13C5 /* Build configuration list for PBXNativeTarget "Jikyeojulge" */;
			buildPhases = (
				98913F13286884B8001A13C5 /* Sources */,
				98913F14286884B8001A13C5 /* Frameworks */,
				98913F15286884B8001A13C5 /* Resources */,
				265E4D1A287208A700FF83A6 /* Embed App Extensions */,
			);
			buildRules = (
			);
			dependencies = (
				265E4D18287208A700FF83A6 /* PBXTargetDependency */,
				26F7813E2879C89E002E8091 /* PBXTargetDependency */,
			);
			name = Jikyeojulge;
			productName = Jikyeojulge;
			productReference = 98913F17286884B8001A13C5 /* Jikyeojulge.app */;
			productType = "com.apple.product-type.application";
		};
		98913F2B286884B9001A13C5 /* JikyeojulgeTests */ = {
			isa = PBXNativeTarget;
			buildConfigurationList = 98913F43286884B9001A13C5 /* Build configuration list for PBXNativeTarget "JikyeojulgeTests" */;
			buildPhases = (
				98913F28286884B9001A13C5 /* Sources */,
				98913F29286884B9001A13C5 /* Frameworks */,
				98913F2A286884B9001A13C5 /* Resources */,
			);
			buildRules = (
			);
			dependencies = (
				98913F2E286884B9001A13C5 /* PBXTargetDependency */,
			);
			name = JikyeojulgeTests;
			productName = JikyeojulgeTests;
			productReference = 98913F2C286884B9001A13C5 /* JikyeojulgeTests.xctest */;
			productType = "com.apple.product-type.bundle.unit-test";
		};
		98913F35286884B9001A13C5 /* JikyeojulgeUITests */ = {
			isa = PBXNativeTarget;
			buildConfigurationList = 98913F46286884B9001A13C5 /* Build configuration list for PBXNativeTarget "JikyeojulgeUITests" */;
			buildPhases = (
				98913F32286884B9001A13C5 /* Sources */,
				98913F33286884B9001A13C5 /* Frameworks */,
				98913F34286884B9001A13C5 /* Resources */,
			);
			buildRules = (
			);
			dependencies = (
				98913F38286884B9001A13C5 /* PBXTargetDependency */,
			);
			name = JikyeojulgeUITests;
			productName = JikyeojulgeUITests;
			productReference = 98913F36286884B9001A13C5 /* JikyeojulgeUITests.xctest */;
			productType = "com.apple.product-type.bundle.ui-testing";
		};
/* End PBXNativeTarget section */

/* Begin PBXProject section */
		98913F0F286884B8001A13C5 /* Project object */ = {
			isa = PBXProject;
			attributes = {
				BuildIndependentTargetsInParallel = 1;
				LastSwiftUpdateCheck = 1340;
				LastUpgradeCheck = 1340;
				TargetAttributes = {
					265E4D07287208A600FF83A6 = {
						CreatedOnToolsVersion = 13.4.1;
					};
					26F781332879C89C002E8091 = {
						CreatedOnToolsVersion = 13.4.1;
					};
					98913F16286884B8001A13C5 = {
						CreatedOnToolsVersion = 13.4.1;
					};
					98913F2B286884B9001A13C5 = {
						CreatedOnToolsVersion = 13.4.1;
						TestTargetID = 98913F16286884B8001A13C5;
					};
					98913F35286884B9001A13C5 = {
						CreatedOnToolsVersion = 13.4.1;
						TestTargetID = 98913F16286884B8001A13C5;
					};
				};
			};
			buildConfigurationList = 98913F12286884B8001A13C5 /* Build configuration list for PBXProject "Jikyeojulge" */;
			compatibilityVersion = "Xcode 13.0";
			developmentRegion = en;
			hasScannedForEncodings = 0;
			knownRegions = (
				en,
				Base,
			);
			mainGroup = 98913F0E286884B8001A13C5;
			productRefGroup = 98913F18286884B8001A13C5 /* Products */;
			projectDirPath = "";
			projectRoot = "";
			targets = (
				98913F16286884B8001A13C5 /* Jikyeojulge */,
				98913F2B286884B9001A13C5 /* JikyeojulgeTests */,
				98913F35286884B9001A13C5 /* JikyeojulgeUITests */,
				265E4D07287208A600FF83A6 /* JikyeojulgeWidgetExtension */,
				26F781332879C89C002E8091 /* JikyeojulgePersonalInfoWidgetExtension */,
			);
		};
/* End PBXProject section */

/* Begin PBXResourcesBuildPhase section */
		265E4D06287208A600FF83A6 /* Resources */ = {
			isa = PBXResourcesBuildPhase;
			buildActionMask = 2147483647;
			files = (
				265E4D13287208A700FF83A6 /* Assets.xcassets in Resources */,
			);
			runOnlyForDeploymentPostprocessing = 0;
		};
		26F781322879C89C002E8091 /* Resources */ = {
			isa = PBXResourcesBuildPhase;
			buildActionMask = 2147483647;
			files = (
				26F7813B2879C89E002E8091 /* Assets.xcassets in Resources */,
			);
			runOnlyForDeploymentPostprocessing = 0;
		};
		98913F15286884B8001A13C5 /* Resources */ = {
			isa = PBXResourcesBuildPhase;
			buildActionMask = 2147483647;
			files = (
				9804CC1A2875486F0063407A /* Launch Screen.storyboard in Resources */,
				98913F22286884B9001A13C5 /* Preview Assets.xcassets in Resources */,
				98913F1F286884B9001A13C5 /* Assets.xcassets in Resources */,
			);
			runOnlyForDeploymentPostprocessing = 0;
		};
		98913F2A286884B9001A13C5 /* Resources */ = {
			isa = PBXResourcesBuildPhase;
			buildActionMask = 2147483647;
			files = (
			);
			runOnlyForDeploymentPostprocessing = 0;
		};
		98913F34286884B9001A13C5 /* Resources */ = {
			isa = PBXResourcesBuildPhase;
			buildActionMask = 2147483647;
			files = (
			);
			runOnlyForDeploymentPostprocessing = 0;
		};
/* End PBXResourcesBuildPhase section */

/* Begin PBXSourcesBuildPhase section */
		265E4D04287208A600FF83A6 /* Sources */ = {
			isa = PBXSourcesBuildPhase;
			buildActionMask = 2147483647;
			files = (
				9804CC17287544290063407A /* PersonalInfoEntity+CoreDataProperties.swift in Sources */,
				26A58306287421760091B671 /* Jikyeojulge.xcdatamodeld in Sources */,
				26A583072874218D0091B671 /* Persistence.swift in Sources */,
				265E4D10287208A600FF83A6 /* JikyeojulgeWidget.swift in Sources */,
				261A1CCA2875652B00D1D6D0 /* Color+Extension.swift in Sources */,
				261A1CCC2875654100D1D6D0 /* PersonalInfoEntity+CoreDataClass.swift in Sources */,
				265E4D15287208A700FF83A6 /* JikyeojulgeWidget.intentdefinition in Sources */,
			);
			runOnlyForDeploymentPostprocessing = 0;
		};
		26F781302879C89C002E8091 /* Sources */ = {
			isa = PBXSourcesBuildPhase;
			buildActionMask = 2147483647;
			files = (
				26F781472879C94F002E8091 /* Jikyeojulge.xcdatamodeld in Sources */,
				26F781392879C89C002E8091 /* JikyeojulgePersonalInfoWidget.swift in Sources */,
				26F781442879C8F5002E8091 /* PersonalInfoEntity+CoreDataClass.swift in Sources */,
				26F781452879C8F8002E8091 /* PersonalInfoEntity+CoreDataProperties.swift in Sources */,
				26F781432879C8F0002E8091 /* Color+Extension.swift in Sources */,
				26F781462879C8FE002E8091 /* Persistence.swift in Sources */,
			);
			runOnlyForDeploymentPostprocessing = 0;
		};
		98913F13286884B8001A13C5 /* Sources */ = {
			isa = PBXSourcesBuildPhase;
			buildActionMask = 2147483647;
			files = (
				9804CC202879312F0063407A /* DeveloperLink.swift in Sources */,
				98913F24286884B9001A13C5 /* Persistence.swift in Sources */,
				987036A5286AE52100451744 /* InitBtn.swift in Sources */,
				987036AC286AEB5200451744 /* CustomTextEditior.swift in Sources */,
				9804CC1E28792F820063407A /* ViewStirng.swift in Sources */,
				987036B0286AECA500451744 /* ImagePicker.swift in Sources */,
				266AB3BD286C2E93008A8079 /* NetworkManager.swift in Sources */,
				98913F542868855E001A13C5 /* ModifyingInfoView.swift in Sources */,
				98913F4C286884F3001A13C5 /* MainView.swift in Sources */,
				98913F4A286884E4001A13C5 /* InitSettingView.swift in Sources */,
				98913F5228688524001A13C5 /* MedicineSearchView.swift in Sources */,
				98913F1D286884B8001A13C5 /* ContentView.swift in Sources */,
				98DE9BD22873049C00EFA265 /* PersonalInfoEntity+CoreDataClass.swift in Sources */,
				98DE9BE428747C6F00EFA265 /* MedicineDataEntity+CoreDataClass.swift in Sources */,
				98DE9BD52874642200EFA265 /* LoadingView.swift in Sources */,
				987036B2286B08DB00451744 /* HidKeyboard+Extension.swift in Sources */,
				266AB3BA286C2CA4008A8079 /* MedicineModel.swift in Sources */,
				98DE9BD92874656D00EFA265 /* ImageLoader.swift in Sources */,
				987036A7286AE53600451744 /* InitTextField.swift in Sources */,
				98DE9BD72874642F00EFA265 /* ActivityIndicatorView.swift in Sources */,
				98DE9BE528747C6F00EFA265 /* MedicineDataEntity+CoreDataProperties.swift in Sources */,
				265E4D00286F40A100FF83A6 /* MedicineInfo.swift in Sources */,
				987036AE286AEBB800451744 /* ModifyingInfoTextLine.swift in Sources */,
				987036A9286AE55700451744 /* InitTitle.swift in Sources */,
				98913F27286884B9001A13C5 /* Jikyeojulge.xcdatamodeld in Sources */,
				98F1CBFC2869858100B9737B /* Color+Extension.swift in Sources */,
				98913F502868850D001A13C5 /* SettingView.swift in Sources */,
				98913F4E28688502001A13C5 /* MedicineRecordView.swift in Sources */,
				98DE9BD32873049C00EFA265 /* PersonalInfoEntity+CoreDataProperties.swift in Sources */,
				266AB39C286B0DC4008A8079 /* MedicineDetailView.swift in Sources */,
				98913F1B286884B8001A13C5 /* JikyeojulgeApp.swift in Sources */,
				98913F562868856E001A13C5 /* OnboardingView.swift in Sources */,
				265E4D16287208A700FF83A6 /* JikyeojulgeWidget.intentdefinition in Sources */,
				9804CC152874B7510063407A /* DeveloperInfoView.swift in Sources */,
			);
			runOnlyForDeploymentPostprocessing = 0;
		};
		98913F28286884B9001A13C5 /* Sources */ = {
			isa = PBXSourcesBuildPhase;
			buildActionMask = 2147483647;
			files = (
				98913F31286884B9001A13C5 /* JikyeojulgeTests.swift in Sources */,
			);
			runOnlyForDeploymentPostprocessing = 0;
		};
		98913F32286884B9001A13C5 /* Sources */ = {
			isa = PBXSourcesBuildPhase;
			buildActionMask = 2147483647;
			files = (
				98913F3B286884B9001A13C5 /* JikyeojulgeUITests.swift in Sources */,
				98913F3D286884B9001A13C5 /* JikyeojulgeUITestsLaunchTests.swift in Sources */,
			);
			runOnlyForDeploymentPostprocessing = 0;
		};
/* End PBXSourcesBuildPhase section */

/* Begin PBXTargetDependency section */
		265E4D18287208A700FF83A6 /* PBXTargetDependency */ = {
			isa = PBXTargetDependency;
			target = 265E4D07287208A600FF83A6 /* JikyeojulgeWidgetExtension */;
			targetProxy = 265E4D17287208A700FF83A6 /* PBXContainerItemProxy */;
		};
		26F7813E2879C89E002E8091 /* PBXTargetDependency */ = {
			isa = PBXTargetDependency;
			target = 26F781332879C89C002E8091 /* JikyeojulgePersonalInfoWidgetExtension */;
			targetProxy = 26F7813D2879C89E002E8091 /* PBXContainerItemProxy */;
		};
		98913F2E286884B9001A13C5 /* PBXTargetDependency */ = {
			isa = PBXTargetDependency;
			target = 98913F16286884B8001A13C5 /* Jikyeojulge */;
			targetProxy = 98913F2D286884B9001A13C5 /* PBXContainerItemProxy */;
		};
		98913F38286884B9001A13C5 /* PBXTargetDependency */ = {
			isa = PBXTargetDependency;
			target = 98913F16286884B8001A13C5 /* Jikyeojulge */;
			targetProxy = 98913F37286884B9001A13C5 /* PBXContainerItemProxy */;
		};
/* End PBXTargetDependency section */

/* Begin XCBuildConfiguration section */
		265E4D1B287208A700FF83A6 /* Debug */ = {
			isa = XCBuildConfiguration;
			buildSettings = {
				ASSETCATALOG_COMPILER_GLOBAL_ACCENT_COLOR_NAME = AccentColor;
				ASSETCATALOG_COMPILER_WIDGET_BACKGROUND_COLOR_NAME = WidgetBackground;
				CODE_SIGN_ENTITLEMENTS = JikyeojulgeWidgetExtension.entitlements;
				CODE_SIGN_STYLE = Automatic;
				CURRENT_PROJECT_VERSION = 1;
				DEVELOPMENT_TEAM = F2SSSA5NRF;
				GENERATE_INFOPLIST_FILE = YES;
				INFOPLIST_FILE = JikyeojulgeWidget/Info.plist;
				INFOPLIST_KEY_CFBundleDisplayName = "지켜줄게";
				INFOPLIST_KEY_NSHumanReadableCopyright = "";
				LD_RUNPATH_SEARCH_PATHS = (
					"$(inherited)",
					"@executable_path/Frameworks",
					"@executable_path/../../Frameworks",
				);
				MARKETING_VERSION = 1.0;
				PRODUCT_BUNDLE_IDENTIFIER = Eddy.Jikyeojulge.JikyeojulgeWidget;
				PRODUCT_NAME = "$(TARGET_NAME)";
				SKIP_INSTALL = YES;
				SWIFT_EMIT_LOC_STRINGS = YES;
				SWIFT_VERSION = 5.0;
				TARGETED_DEVICE_FAMILY = "1,2";
			};
			name = Debug;
		};
		265E4D1C287208A700FF83A6 /* Release */ = {
			isa = XCBuildConfiguration;
			buildSettings = {
				ASSETCATALOG_COMPILER_GLOBAL_ACCENT_COLOR_NAME = AccentColor;
				ASSETCATALOG_COMPILER_WIDGET_BACKGROUND_COLOR_NAME = WidgetBackground;
				CODE_SIGN_ENTITLEMENTS = JikyeojulgeWidgetExtension.entitlements;
				CODE_SIGN_STYLE = Automatic;
				CURRENT_PROJECT_VERSION = 1;
				DEVELOPMENT_TEAM = F2SSSA5NRF;
				GENERATE_INFOPLIST_FILE = YES;
				INFOPLIST_FILE = JikyeojulgeWidget/Info.plist;
				INFOPLIST_KEY_CFBundleDisplayName = "지켜줄게";
				INFOPLIST_KEY_NSHumanReadableCopyright = "";
				LD_RUNPATH_SEARCH_PATHS = (
					"$(inherited)",
					"@executable_path/Frameworks",
					"@executable_path/../../Frameworks",
				);
				MARKETING_VERSION = 1.0;
				PRODUCT_BUNDLE_IDENTIFIER = Eddy.Jikyeojulge.JikyeojulgeWidget;
				PRODUCT_NAME = "$(TARGET_NAME)";
				SKIP_INSTALL = YES;
				SWIFT_EMIT_LOC_STRINGS = YES;
				SWIFT_VERSION = 5.0;
				TARGETED_DEVICE_FAMILY = "1,2";
			};
			name = Release;
		};
		26F781412879C89E002E8091 /* Debug */ = {
			isa = XCBuildConfiguration;
			buildSettings = {
				ASSETCATALOG_COMPILER_GLOBAL_ACCENT_COLOR_NAME = AccentColor;
				ASSETCATALOG_COMPILER_WIDGET_BACKGROUND_COLOR_NAME = WidgetBackground;
				CODE_SIGN_ENTITLEMENTS = JikyeojulgePersonalInfoWidgetExtension.entitlements;
				CODE_SIGN_STYLE = Automatic;
				CURRENT_PROJECT_VERSION = 1;
				DEVELOPMENT_TEAM = F2SSSA5NRF;
				GENERATE_INFOPLIST_FILE = YES;
				INFOPLIST_FILE = JikyeojulgePersonalInfoWidget/Info.plist;
				INFOPLIST_KEY_CFBundleDisplayName = JikyeojulgePersonalInfoWidget;
				INFOPLIST_KEY_NSHumanReadableCopyright = "";
				LD_RUNPATH_SEARCH_PATHS = (
					"$(inherited)",
					"@executable_path/Frameworks",
					"@executable_path/../../Frameworks",
				);
				MARKETING_VERSION = 1.0;
				PRODUCT_BUNDLE_IDENTIFIER = Eddy.Jikyeojulge.JikyeojulgePersonalInfoWidget;
				PRODUCT_NAME = "$(TARGET_NAME)";
				SKIP_INSTALL = YES;
				SWIFT_EMIT_LOC_STRINGS = YES;
				SWIFT_VERSION = 5.0;
				TARGETED_DEVICE_FAMILY = "1,2";
			};
			name = Debug;
		};
		26F781422879C89E002E8091 /* Release */ = {
			isa = XCBuildConfiguration;
			buildSettings = {
				ASSETCATALOG_COMPILER_GLOBAL_ACCENT_COLOR_NAME = AccentColor;
				ASSETCATALOG_COMPILER_WIDGET_BACKGROUND_COLOR_NAME = WidgetBackground;
				CODE_SIGN_ENTITLEMENTS = JikyeojulgePersonalInfoWidgetExtension.entitlements;
				CODE_SIGN_STYLE = Automatic;
				CURRENT_PROJECT_VERSION = 1;
				DEVELOPMENT_TEAM = F2SSSA5NRF;
				GENERATE_INFOPLIST_FILE = YES;
				INFOPLIST_FILE = JikyeojulgePersonalInfoWidget/Info.plist;
				INFOPLIST_KEY_CFBundleDisplayName = JikyeojulgePersonalInfoWidget;
				INFOPLIST_KEY_NSHumanReadableCopyright = "";
				LD_RUNPATH_SEARCH_PATHS = (
					"$(inherited)",
					"@executable_path/Frameworks",
					"@executable_path/../../Frameworks",
				);
				MARKETING_VERSION = 1.0;
				PRODUCT_BUNDLE_IDENTIFIER = Eddy.Jikyeojulge.JikyeojulgePersonalInfoWidget;
				PRODUCT_NAME = "$(TARGET_NAME)";
				SKIP_INSTALL = YES;
				SWIFT_EMIT_LOC_STRINGS = YES;
				SWIFT_VERSION = 5.0;
				TARGETED_DEVICE_FAMILY = "1,2";
			};
			name = Release;
		};
		98913F3E286884B9001A13C5 /* Debug */ = {
			isa = XCBuildConfiguration;
			buildSettings = {
				ALWAYS_SEARCH_USER_PATHS = NO;
				CLANG_ANALYZER_NONNULL = YES;
				CLANG_ANALYZER_NUMBER_OBJECT_CONVERSION = YES_AGGRESSIVE;
				CLANG_CXX_LANGUAGE_STANDARD = "gnu++17";
				CLANG_ENABLE_MODULES = YES;
				CLANG_ENABLE_OBJC_ARC = YES;
				CLANG_ENABLE_OBJC_WEAK = YES;
				CLANG_WARN_BLOCK_CAPTURE_AUTORELEASING = YES;
				CLANG_WARN_BOOL_CONVERSION = YES;
				CLANG_WARN_COMMA = YES;
				CLANG_WARN_CONSTANT_CONVERSION = YES;
				CLANG_WARN_DEPRECATED_OBJC_IMPLEMENTATIONS = YES;
				CLANG_WARN_DIRECT_OBJC_ISA_USAGE = YES_ERROR;
				CLANG_WARN_DOCUMENTATION_COMMENTS = YES;
				CLANG_WARN_EMPTY_BODY = YES;
				CLANG_WARN_ENUM_CONVERSION = YES;
				CLANG_WARN_INFINITE_RECURSION = YES;
				CLANG_WARN_INT_CONVERSION = YES;
				CLANG_WARN_NON_LITERAL_NULL_CONVERSION = YES;
				CLANG_WARN_OBJC_IMPLICIT_RETAIN_SELF = YES;
				CLANG_WARN_OBJC_LITERAL_CONVERSION = YES;
				CLANG_WARN_OBJC_ROOT_CLASS = YES_ERROR;
				CLANG_WARN_QUOTED_INCLUDE_IN_FRAMEWORK_HEADER = YES;
				CLANG_WARN_RANGE_LOOP_ANALYSIS = YES;
				CLANG_WARN_STRICT_PROTOTYPES = YES;
				CLANG_WARN_SUSPICIOUS_MOVE = YES;
				CLANG_WARN_UNGUARDED_AVAILABILITY = YES_AGGRESSIVE;
				CLANG_WARN_UNREACHABLE_CODE = YES;
				CLANG_WARN__DUPLICATE_METHOD_MATCH = YES;
				COPY_PHASE_STRIP = NO;
				DEBUG_INFORMATION_FORMAT = dwarf;
				ENABLE_STRICT_OBJC_MSGSEND = YES;
				ENABLE_TESTABILITY = YES;
				GCC_C_LANGUAGE_STANDARD = gnu11;
				GCC_DYNAMIC_NO_PIC = NO;
				GCC_NO_COMMON_BLOCKS = YES;
				GCC_OPTIMIZATION_LEVEL = 0;
				GCC_PREPROCESSOR_DEFINITIONS = (
					"DEBUG=1",
					"$(inherited)",
				);
				GCC_WARN_64_TO_32_BIT_CONVERSION = YES;
				GCC_WARN_ABOUT_RETURN_TYPE = YES_ERROR;
				GCC_WARN_UNDECLARED_SELECTOR = YES;
				GCC_WARN_UNINITIALIZED_AUTOS = YES_AGGRESSIVE;
				GCC_WARN_UNUSED_FUNCTION = YES;
				GCC_WARN_UNUSED_VARIABLE = YES;
				IPHONEOS_DEPLOYMENT_TARGET = 15.5;
				MTL_ENABLE_DEBUG_INFO = INCLUDE_SOURCE;
				MTL_FAST_MATH = YES;
				ONLY_ACTIVE_ARCH = YES;
				SDKROOT = iphoneos;
				SWIFT_ACTIVE_COMPILATION_CONDITIONS = DEBUG;
				SWIFT_OPTIMIZATION_LEVEL = "-Onone";
			};
			name = Debug;
		};
		98913F3F286884B9001A13C5 /* Release */ = {
			isa = XCBuildConfiguration;
			buildSettings = {
				ALWAYS_SEARCH_USER_PATHS = NO;
				CLANG_ANALYZER_NONNULL = YES;
				CLANG_ANALYZER_NUMBER_OBJECT_CONVERSION = YES_AGGRESSIVE;
				CLANG_CXX_LANGUAGE_STANDARD = "gnu++17";
				CLANG_ENABLE_MODULES = YES;
				CLANG_ENABLE_OBJC_ARC = YES;
				CLANG_ENABLE_OBJC_WEAK = YES;
				CLANG_WARN_BLOCK_CAPTURE_AUTORELEASING = YES;
				CLANG_WARN_BOOL_CONVERSION = YES;
				CLANG_WARN_COMMA = YES;
				CLANG_WARN_CONSTANT_CONVERSION = YES;
				CLANG_WARN_DEPRECATED_OBJC_IMPLEMENTATIONS = YES;
				CLANG_WARN_DIRECT_OBJC_ISA_USAGE = YES_ERROR;
				CLANG_WARN_DOCUMENTATION_COMMENTS = YES;
				CLANG_WARN_EMPTY_BODY = YES;
				CLANG_WARN_ENUM_CONVERSION = YES;
				CLANG_WARN_INFINITE_RECURSION = YES;
				CLANG_WARN_INT_CONVERSION = YES;
				CLANG_WARN_NON_LITERAL_NULL_CONVERSION = YES;
				CLANG_WARN_OBJC_IMPLICIT_RETAIN_SELF = YES;
				CLANG_WARN_OBJC_LITERAL_CONVERSION = YES;
				CLANG_WARN_OBJC_ROOT_CLASS = YES_ERROR;
				CLANG_WARN_QUOTED_INCLUDE_IN_FRAMEWORK_HEADER = YES;
				CLANG_WARN_RANGE_LOOP_ANALYSIS = YES;
				CLANG_WARN_STRICT_PROTOTYPES = YES;
				CLANG_WARN_SUSPICIOUS_MOVE = YES;
				CLANG_WARN_UNGUARDED_AVAILABILITY = YES_AGGRESSIVE;
				CLANG_WARN_UNREACHABLE_CODE = YES;
				CLANG_WARN__DUPLICATE_METHOD_MATCH = YES;
				COPY_PHASE_STRIP = NO;
				DEBUG_INFORMATION_FORMAT = "dwarf-with-dsym";
				ENABLE_NS_ASSERTIONS = NO;
				ENABLE_STRICT_OBJC_MSGSEND = YES;
				GCC_C_LANGUAGE_STANDARD = gnu11;
				GCC_NO_COMMON_BLOCKS = YES;
				GCC_WARN_64_TO_32_BIT_CONVERSION = YES;
				GCC_WARN_ABOUT_RETURN_TYPE = YES_ERROR;
				GCC_WARN_UNDECLARED_SELECTOR = YES;
				GCC_WARN_UNINITIALIZED_AUTOS = YES_AGGRESSIVE;
				GCC_WARN_UNUSED_FUNCTION = YES;
				GCC_WARN_UNUSED_VARIABLE = YES;
				IPHONEOS_DEPLOYMENT_TARGET = 15.5;
				MTL_ENABLE_DEBUG_INFO = NO;
				MTL_FAST_MATH = YES;
				SDKROOT = iphoneos;
				SWIFT_COMPILATION_MODE = wholemodule;
				SWIFT_OPTIMIZATION_LEVEL = "-O";
				VALIDATE_PRODUCT = YES;
			};
			name = Release;
		};
		98913F41286884B9001A13C5 /* Debug */ = {
			isa = XCBuildConfiguration;
			buildSettings = {
				ALWAYS_EMBED_SWIFT_STANDARD_LIBRARIES = YES;
				ASSETCATALOG_COMPILER_APPICON_NAME = AppIcon;
				ASSETCATALOG_COMPILER_GLOBAL_ACCENT_COLOR_NAME = AccentColor;
				ASSETCATALOG_COMPILER_INCLUDE_ALL_APPICON_ASSETS = NO;
				CODE_SIGN_ENTITLEMENTS = Jikyeojulge/Jikyeojulge.entitlements;
				CODE_SIGN_STYLE = Automatic;
				CURRENT_PROJECT_VERSION = 1;
				DEVELOPMENT_ASSET_PATHS = "\"Jikyeojulge/Preview Content\"";
				DEVELOPMENT_TEAM = F2SSSA5NRF;
				ENABLE_PREVIEWS = YES;
				GENERATE_INFOPLIST_FILE = YES;
				INFOPLIST_FILE = Jikyeojulge/Info.plist;
				INFOPLIST_KEY_CFBundleDisplayName = "지켜줄게";
				INFOPLIST_KEY_UIApplicationSceneManifest_Generation = YES;
				INFOPLIST_KEY_UIApplicationSupportsIndirectInputEvents = YES;
				INFOPLIST_KEY_UILaunchStoryboardName = "Launch Screen";
				INFOPLIST_KEY_UIMainStoryboardFile = "Launch Screen";
				INFOPLIST_KEY_UISupportedInterfaceOrientations_iPad = "UIInterfaceOrientationPortrait UIInterfaceOrientationPortraitUpsideDown UIInterfaceOrientationLandscapeLeft UIInterfaceOrientationLandscapeRight";
				INFOPLIST_KEY_UISupportedInterfaceOrientations_iPhone = "UIInterfaceOrientationPortrait UIInterfaceOrientationLandscapeLeft UIInterfaceOrientationLandscapeRight";
				LD_RUNPATH_SEARCH_PATHS = (
					"$(inherited)",
					"@executable_path/Frameworks",
				);
				MARKETING_VERSION = 1.0;
				PRODUCT_BUNDLE_IDENTIFIER = Eddy.Jikyeojulge;
				PRODUCT_NAME = "$(TARGET_NAME)";
				SWIFT_EMIT_LOC_STRINGS = YES;
				SWIFT_VERSION = 5.0;
				TARGETED_DEVICE_FAMILY = "1,2";
			};
			name = Debug;
		};
		98913F42286884B9001A13C5 /* Release */ = {
			isa = XCBuildConfiguration;
			buildSettings = {
				ALWAYS_EMBED_SWIFT_STANDARD_LIBRARIES = YES;
				ASSETCATALOG_COMPILER_APPICON_NAME = AppIcon;
				ASSETCATALOG_COMPILER_GLOBAL_ACCENT_COLOR_NAME = AccentColor;
				ASSETCATALOG_COMPILER_INCLUDE_ALL_APPICON_ASSETS = NO;
				CODE_SIGN_ENTITLEMENTS = Jikyeojulge/Jikyeojulge.entitlements;
				CODE_SIGN_STYLE = Automatic;
				CURRENT_PROJECT_VERSION = 1;
				DEVELOPMENT_ASSET_PATHS = "\"Jikyeojulge/Preview Content\"";
				DEVELOPMENT_TEAM = F2SSSA5NRF;
				ENABLE_PREVIEWS = YES;
				GENERATE_INFOPLIST_FILE = YES;
				INFOPLIST_FILE = Jikyeojulge/Info.plist;
				INFOPLIST_KEY_CFBundleDisplayName = "지켜줄게";
				INFOPLIST_KEY_UIApplicationSceneManifest_Generation = YES;
				INFOPLIST_KEY_UIApplicationSupportsIndirectInputEvents = YES;
				INFOPLIST_KEY_UILaunchStoryboardName = "Launch Screen";
				INFOPLIST_KEY_UIMainStoryboardFile = "Launch Screen";
				INFOPLIST_KEY_UISupportedInterfaceOrientations_iPad = "UIInterfaceOrientationPortrait UIInterfaceOrientationPortraitUpsideDown UIInterfaceOrientationLandscapeLeft UIInterfaceOrientationLandscapeRight";
				INFOPLIST_KEY_UISupportedInterfaceOrientations_iPhone = "UIInterfaceOrientationPortrait UIInterfaceOrientationLandscapeLeft UIInterfaceOrientationLandscapeRight";
				LD_RUNPATH_SEARCH_PATHS = (
					"$(inherited)",
					"@executable_path/Frameworks",
				);
				MARKETING_VERSION = 1.0;
				PRODUCT_BUNDLE_IDENTIFIER = Eddy.Jikyeojulge;
				PRODUCT_NAME = "$(TARGET_NAME)";
				SWIFT_EMIT_LOC_STRINGS = YES;
				SWIFT_VERSION = 5.0;
				TARGETED_DEVICE_FAMILY = "1,2";
			};
			name = Release;
		};
		98913F44286884B9001A13C5 /* Debug */ = {
			isa = XCBuildConfiguration;
			buildSettings = {
				ALWAYS_EMBED_SWIFT_STANDARD_LIBRARIES = YES;
				BUNDLE_LOADER = "$(TEST_HOST)";
				CODE_SIGN_STYLE = Automatic;
				CURRENT_PROJECT_VERSION = 1;
				DEVELOPMENT_TEAM = N6LML762WM;
				GENERATE_INFOPLIST_FILE = YES;
				IPHONEOS_DEPLOYMENT_TARGET = 15.5;
				MARKETING_VERSION = 1.0;
				PRODUCT_BUNDLE_IDENTIFIER = Eddy.JikyeojulgeTests;
				PRODUCT_NAME = "$(TARGET_NAME)";
				SWIFT_EMIT_LOC_STRINGS = NO;
				SWIFT_VERSION = 5.0;
				TARGETED_DEVICE_FAMILY = "1,2";
				TEST_HOST = "$(BUILT_PRODUCTS_DIR)/Jikyeojulge.app/Jikyeojulge";
			};
			name = Debug;
		};
		98913F45286884B9001A13C5 /* Release */ = {
			isa = XCBuildConfiguration;
			buildSettings = {
				ALWAYS_EMBED_SWIFT_STANDARD_LIBRARIES = YES;
				BUNDLE_LOADER = "$(TEST_HOST)";
				CODE_SIGN_STYLE = Automatic;
				CURRENT_PROJECT_VERSION = 1;
				DEVELOPMENT_TEAM = N6LML762WM;
				GENERATE_INFOPLIST_FILE = YES;
				IPHONEOS_DEPLOYMENT_TARGET = 15.5;
				MARKETING_VERSION = 1.0;
				PRODUCT_BUNDLE_IDENTIFIER = Eddy.JikyeojulgeTests;
				PRODUCT_NAME = "$(TARGET_NAME)";
				SWIFT_EMIT_LOC_STRINGS = NO;
				SWIFT_VERSION = 5.0;
				TARGETED_DEVICE_FAMILY = "1,2";
				TEST_HOST = "$(BUILT_PRODUCTS_DIR)/Jikyeojulge.app/Jikyeojulge";
			};
			name = Release;
		};
		98913F47286884B9001A13C5 /* Debug */ = {
			isa = XCBuildConfiguration;
			buildSettings = {
				ALWAYS_EMBED_SWIFT_STANDARD_LIBRARIES = YES;
				CODE_SIGN_STYLE = Automatic;
				CURRENT_PROJECT_VERSION = 1;
				DEVELOPMENT_TEAM = N6LML762WM;
				GENERATE_INFOPLIST_FILE = YES;
				MARKETING_VERSION = 1.0;
				PRODUCT_BUNDLE_IDENTIFIER = Eddy.JikyeojulgeUITests;
				PRODUCT_NAME = "$(TARGET_NAME)";
				SWIFT_EMIT_LOC_STRINGS = NO;
				SWIFT_VERSION = 5.0;
				TARGETED_DEVICE_FAMILY = "1,2";
				TEST_TARGET_NAME = Jikyeojulge;
			};
			name = Debug;
		};
		98913F48286884B9001A13C5 /* Release */ = {
			isa = XCBuildConfiguration;
			buildSettings = {
				ALWAYS_EMBED_SWIFT_STANDARD_LIBRARIES = YES;
				CODE_SIGN_STYLE = Automatic;
				CURRENT_PROJECT_VERSION = 1;
				DEVELOPMENT_TEAM = N6LML762WM;
				GENERATE_INFOPLIST_FILE = YES;
				MARKETING_VERSION = 1.0;
				PRODUCT_BUNDLE_IDENTIFIER = Eddy.JikyeojulgeUITests;
				PRODUCT_NAME = "$(TARGET_NAME)";
				SWIFT_EMIT_LOC_STRINGS = NO;
				SWIFT_VERSION = 5.0;
				TARGETED_DEVICE_FAMILY = "1,2";
				TEST_TARGET_NAME = Jikyeojulge;
			};
			name = Release;
		};
/* End XCBuildConfiguration section */

/* Begin XCConfigurationList section */
		265E4D1D287208A700FF83A6 /* Build configuration list for PBXNativeTarget "JikyeojulgeWidgetExtension" */ = {
			isa = XCConfigurationList;
			buildConfigurations = (
				265E4D1B287208A700FF83A6 /* Debug */,
				265E4D1C287208A700FF83A6 /* Release */,
			);
			defaultConfigurationIsVisible = 0;
			defaultConfigurationName = Release;
		};
		26F781402879C89E002E8091 /* Build configuration list for PBXNativeTarget "JikyeojulgePersonalInfoWidgetExtension" */ = {
			isa = XCConfigurationList;
			buildConfigurations = (
				26F781412879C89E002E8091 /* Debug */,
				26F781422879C89E002E8091 /* Release */,
			);
			defaultConfigurationIsVisible = 0;
			defaultConfigurationName = Release;
		};
		98913F12286884B8001A13C5 /* Build configuration list for PBXProject "Jikyeojulge" */ = {
			isa = XCConfigurationList;
			buildConfigurations = (
				98913F3E286884B9001A13C5 /* Debug */,
				98913F3F286884B9001A13C5 /* Release */,
			);
			defaultConfigurationIsVisible = 0;
			defaultConfigurationName = Release;
		};
		98913F40286884B9001A13C5 /* Build configuration list for PBXNativeTarget "Jikyeojulge" */ = {
			isa = XCConfigurationList;
			buildConfigurations = (
				98913F41286884B9001A13C5 /* Debug */,
				98913F42286884B9001A13C5 /* Release */,
			);
			defaultConfigurationIsVisible = 0;
			defaultConfigurationName = Release;
		};
		98913F43286884B9001A13C5 /* Build configuration list for PBXNativeTarget "JikyeojulgeTests" */ = {
			isa = XCConfigurationList;
			buildConfigurations = (
				98913F44286884B9001A13C5 /* Debug */,
				98913F45286884B9001A13C5 /* Release */,
			);
			defaultConfigurationIsVisible = 0;
			defaultConfigurationName = Release;
		};
		98913F46286884B9001A13C5 /* Build configuration list for PBXNativeTarget "JikyeojulgeUITests" */ = {
			isa = XCConfigurationList;
			buildConfigurations = (
				98913F47286884B9001A13C5 /* Debug */,
				98913F48286884B9001A13C5 /* Release */,
			);
			defaultConfigurationIsVisible = 0;
			defaultConfigurationName = Release;
		};
/* End XCConfigurationList section */

/* Begin XCVersionGroup section */
		98913F25286884B9001A13C5 /* Jikyeojulge.xcdatamodeld */ = {
			isa = XCVersionGroup;
			children = (
				98913F26286884B9001A13C5 /* Jikyeojulge.xcdatamodel */,
			);
			currentVersion = 98913F26286884B9001A13C5 /* Jikyeojulge.xcdatamodel */;
			path = Jikyeojulge.xcdatamodeld;
			sourceTree = "<group>";
			versionGroupType = wrapper.xcdatamodel;
		};
/* End XCVersionGroup section */
	};
	rootObject = 98913F0F286884B8001A13C5 /* Project object */;
}
